// !$*UTF8*$!
{
	archiveVersion = 1;
	classes = {
	};
	objectVersion = 46;
	objects = {

/* Begin PBXBuildFile section */
		6FFBAA331EB1C50700988ED3 /* main.m in Sources */ = {isa = PBXBuildFile; fileRef = 6FFBAA321EB1C50700988ED3 /* main.m */; };
		6FFBAA361EB1C50700988ED3 /* AppDelegate.m in Sources */ = {isa = PBXBuildFile; fileRef = 6FFBAA351EB1C50700988ED3 /* AppDelegate.m */; };
		6FFBAA391EB1C50700988ED3 /* ViewController.m in Sources */ = {isa = PBXBuildFile; fileRef = 6FFBAA381EB1C50700988ED3 /* ViewController.m */; };
		6FFBAA3C1EB1C50700988ED3 /* Main.storyboard in Resources */ = {isa = PBXBuildFile; fileRef = 6FFBAA3A1EB1C50700988ED3 /* Main.storyboard */; };
		6FFBAA3E1EB1C50700988ED3 /* Assets.xcassets in Resources */ = {isa = PBXBuildFile; fileRef = 6FFBAA3D1EB1C50700988ED3 /* Assets.xcassets */; };
		6FFBAA411EB1C50700988ED3 /* LaunchScreen.storyboard in Resources */ = {isa = PBXBuildFile; fileRef = 6FFBAA3F1EB1C50700988ED3 /* LaunchScreen.storyboard */; };
		6FFBAA501EB1C53000988ED3 /* ic_record_ripple@2x.png in Resources */ = {isa = PBXBuildFile; fileRef = 6FFBAA481EB1C53000988ED3 /* ic_record_ripple@2x.png */; };
		6FFBAA511EB1C53000988ED3 /* ic_record_ripple@3x.png in Resources */ = {isa = PBXBuildFile; fileRef = 6FFBAA491EB1C53000988ED3 /* ic_record_ripple@3x.png */; };
		6FFBAA521EB1C53000988ED3 /* ic_record_too_short@2x.png in Resources */ = {isa = PBXBuildFile; fileRef = 6FFBAA4A1EB1C53000988ED3 /* ic_record_too_short@2x.png */; };
		6FFBAA531EB1C53000988ED3 /* ic_record_too_short@3x.png in Resources */ = {isa = PBXBuildFile; fileRef = 6FFBAA4B1EB1C53000988ED3 /* ic_record_too_short@3x.png */; };
		6FFBAA541EB1C53000988ED3 /* ic_record@2x.png in Resources */ = {isa = PBXBuildFile; fileRef = 6FFBAA4C1EB1C53000988ED3 /* ic_record@2x.png */; };
		6FFBAA551EB1C53000988ED3 /* ic_record@3x.png in Resources */ = {isa = PBXBuildFile; fileRef = 6FFBAA4D1EB1C53000988ED3 /* ic_record@3x.png */; };
		6FFBAA561EB1C53000988ED3 /* ic_release_to_cancel@2x.png in Resources */ = {isa = PBXBuildFile; fileRef = 6FFBAA4E1EB1C53000988ED3 /* ic_release_to_cancel@2x.png */; };
		6FFBAA571EB1C53000988ED3 /* ic_release_to_cancel@3x.png in Resources */ = {isa = PBXBuildFile; fileRef = 6FFBAA4F1EB1C53000988ED3 /* ic_release_to_cancel@3x.png */; };
		6FFBAA5A1EB1C55B00988ED3 /* MOKORecordButton.m in Sources */ = {isa = PBXBuildFile; fileRef = 6FFBAA591EB1C55B00988ED3 /* MOKORecordButton.m */; };
		6FFBAA5D1EB1C69A00988ED3 /* MOKORecorderTool.m in Sources */ = {isa = PBXBuildFile; fileRef = 6FFBAA5C1EB1C69A00988ED3 /* MOKORecorderTool.m */; };
		6FFBAA601EB1C73E00988ED3 /* MOKORecordPowerAnimationView.m in Sources */ = {isa = PBXBuildFile; fileRef = 6FFBAA5F1EB1C73E00988ED3 /* MOKORecordPowerAnimationView.m */; };
		6FFBAA631EB1C83500988ED3 /* MOKORecordToastContentView.m in Sources */ = {isa = PBXBuildFile; fileRef = 6FFBAA621EB1C83500988ED3 /* MOKORecordToastContentView.m */; };
		6FFBAA661EB1D2BE00988ED3 /* MOKORecordView.m in Sources */ = {isa = PBXBuildFile; fileRef = 6FFBAA651EB1D2BE00988ED3 /* MOKORecordView.m */; };
		6FFBAA6A1EB1D4D200988ED3 /* MOKORecordShowManager.m in Sources */ = {isa = PBXBuildFile; fileRef = 6FFBAA691EB1D4D200988ED3 /* MOKORecordShowManager.m */; };
/* End PBXBuildFile section */

/* Begin PBXFileReference section */
		6FFBAA2E1EB1C50700988ED3 /* MOKORecorder.app */ = {isa = PBXFileReference; explicitFileType = wrapper.application; includeInIndex = 0; path = MOKORecorder.app; sourceTree = BUILT_PRODUCTS_DIR; };
		6FFBAA321EB1C50700988ED3 /* main.m */ = {isa = PBXFileReference; lastKnownFileType = sourcecode.c.objc; path = main.m; sourceTree = "<group>"; };
		6FFBAA341EB1C50700988ED3 /* AppDelegate.h */ = {isa = PBXFileReference; lastKnownFileType = sourcecode.c.h; path = AppDelegate.h; sourceTree = "<group>"; };
		6FFBAA351EB1C50700988ED3 /* AppDelegate.m */ = {isa = PBXFileReference; lastKnownFileType = sourcecode.c.objc; path = AppDelegate.m; sourceTree = "<group>"; };
		6FFBAA371EB1C50700988ED3 /* ViewController.h */ = {isa = PBXFileReference; lastKnownFileType = sourcecode.c.h; path = ViewController.h; sourceTree = "<group>"; };
		6FFBAA381EB1C50700988ED3 /* ViewController.m */ = {isa = PBXFileReference; lastKnownFileType = sourcecode.c.objc; path = ViewController.m; sourceTree = "<group>"; };
		6FFBAA3B1EB1C50700988ED3 /* Base */ = {isa = PBXFileReference; lastKnownFileType = file.storyboard; name = Base; path = Base.lproj/Main.storyboard; sourceTree = "<group>"; };
		6FFBAA3D1EB1C50700988ED3 /* Assets.xcassets */ = {isa = PBXFileReference; lastKnownFileType = folder.assetcatalog; path = Assets.xcassets; sourceTree = "<group>"; };
		6FFBAA401EB1C50700988ED3 /* Base */ = {isa = PBXFileReference; lastKnownFileType = file.storyboard; name = Base; path = Base.lproj/LaunchScreen.storyboard; sourceTree = "<group>"; };
		6FFBAA421EB1C50700988ED3 /* Info.plist */ = {isa = PBXFileReference; lastKnownFileType = text.plist.xml; path = Info.plist; sourceTree = "<group>"; };
		6FFBAA481EB1C53000988ED3 /* ic_record_ripple@2x.png */ = {isa = PBXFileReference; lastKnownFileType = image.png; path = "ic_record_ripple@2x.png"; sourceTree = "<group>"; };
		6FFBAA491EB1C53000988ED3 /* ic_record_ripple@3x.png */ = {isa = PBXFileReference; lastKnownFileType = image.png; path = "ic_record_ripple@3x.png"; sourceTree = "<group>"; };
		6FFBAA4A1EB1C53000988ED3 /* ic_record_too_short@2x.png */ = {isa = PBXFileReference; lastKnownFileType = image.png; path = "ic_record_too_short@2x.png"; sourceTree = "<group>"; };
		6FFBAA4B1EB1C53000988ED3 /* ic_record_too_short@3x.png */ = {isa = PBXFileReference; lastKnownFileType = image.png; path = "ic_record_too_short@3x.png"; sourceTree = "<group>"; };
		6FFBAA4C1EB1C53000988ED3 /* ic_record@2x.png */ = {isa = PBXFileReference; lastKnownFileType = image.png; path = "ic_record@2x.png"; sourceTree = "<group>"; };
		6FFBAA4D1EB1C53000988ED3 /* ic_record@3x.png */ = {isa = PBXFileReference; lastKnownFileType = image.png; path = "ic_record@3x.png"; sourceTree = "<group>"; };
		6FFBAA4E1EB1C53000988ED3 /* ic_release_to_cancel@2x.png */ = {isa = PBXFileReference; lastKnownFileType = image.png; path = "ic_release_to_cancel@2x.png"; sourceTree = "<group>"; };
		6FFBAA4F1EB1C53000988ED3 /* ic_release_to_cancel@3x.png */ = {isa = PBXFileReference; lastKnownFileType = image.png; path = "ic_release_to_cancel@3x.png"; sourceTree = "<group>"; };
		6FFBAA581EB1C55B00988ED3 /* MOKORecordButton.h */ = {isa = PBXFileReference; fileEncoding = 4; lastKnownFileType = sourcecode.c.h; path = MOKORecordButton.h; sourceTree = "<group>"; };
		6FFBAA591EB1C55B00988ED3 /* MOKORecordButton.m */ = {isa = PBXFileReference; fileEncoding = 4; lastKnownFileType = sourcecode.c.objc; path = MOKORecordButton.m; sourceTree = "<group>"; };
		6FFBAA5B1EB1C69A00988ED3 /* MOKORecorderTool.h */ = {isa = PBXFileReference; fileEncoding = 4; lastKnownFileType = sourcecode.c.h; path = MOKORecorderTool.h; sourceTree = "<group>"; };
		6FFBAA5C1EB1C69A00988ED3 /* MOKORecorderTool.m */ = {isa = PBXFileReference; fileEncoding = 4; lastKnownFileType = sourcecode.c.objc; path = MOKORecorderTool.m; sourceTree = "<group>"; };
		6FFBAA5E1EB1C73E00988ED3 /* MOKORecordPowerAnimationView.h */ = {isa = PBXFileReference; fileEncoding = 4; lastKnownFileType = sourcecode.c.h; path = MOKORecordPowerAnimationView.h; sourceTree = "<group>"; };
		6FFBAA5F1EB1C73E00988ED3 /* MOKORecordPowerAnimationView.m */ = {isa = PBXFileReference; fileEncoding = 4; lastKnownFileType = sourcecode.c.objc; path = MOKORecordPowerAnimationView.m; sourceTree = "<group>"; };
		6FFBAA611EB1C83500988ED3 /* MOKORecordToastContentView.h */ = {isa = PBXFileReference; fileEncoding = 4; lastKnownFileType = sourcecode.c.h; path = MOKORecordToastContentView.h; sourceTree = "<group>"; };
		6FFBAA621EB1C83500988ED3 /* MOKORecordToastContentView.m */ = {isa = PBXFileReference; fileEncoding = 4; lastKnownFileType = sourcecode.c.objc; path = MOKORecordToastContentView.m; sourceTree = "<group>"; };
		6FFBAA641EB1D2BE00988ED3 /* MOKORecordView.h */ = {isa = PBXFileReference; fileEncoding = 4; lastKnownFileType = sourcecode.c.h; path = MOKORecordView.h; sourceTree = "<group>"; };
		6FFBAA651EB1D2BE00988ED3 /* MOKORecordView.m */ = {isa = PBXFileReference; fileEncoding = 4; lastKnownFileType = sourcecode.c.objc; path = MOKORecordView.m; sourceTree = "<group>"; };
		6FFBAA671EB1D2ED00988ED3 /* MOKORecordHeaderDefine.h */ = {isa = PBXFileReference; lastKnownFileType = sourcecode.c.h; path = MOKORecordHeaderDefine.h; sourceTree = "<group>"; };
		6FFBAA681EB1D4D200988ED3 /* MOKORecordShowManager.h */ = {isa = PBXFileReference; fileEncoding = 4; lastKnownFileType = sourcecode.c.h; path = MOKORecordShowManager.h; sourceTree = "<group>"; };
		6FFBAA691EB1D4D200988ED3 /* MOKORecordShowManager.m */ = {isa = PBXFileReference; fileEncoding = 4; lastKnownFileType = sourcecode.c.objc; path = MOKORecordShowManager.m; sourceTree = "<group>"; };
/* End PBXFileReference section */

/* Begin PBXFrameworksBuildPhase section */
		6FFBAA2B1EB1C50700988ED3 /* Frameworks */ = {
			isa = PBXFrameworksBuildPhase;
			buildActionMask = 2147483647;
			files = (
			);
			runOnlyForDeploymentPostprocessing = 0;
		};
/* End PBXFrameworksBuildPhase section */

/* Begin PBXGroup section */
		6FFBAA251EB1C50700988ED3 = {
			isa = PBXGroup;
			children = (
				6FFBAA301EB1C50700988ED3 /* MOKORecorder */,
				6FFBAA2F1EB1C50700988ED3 /* Products */,
			);
			sourceTree = "<group>";
		};
		6FFBAA2F1EB1C50700988ED3 /* Products */ = {
			isa = PBXGroup;
			children = (
				6FFBAA2E1EB1C50700988ED3 /* MOKORecorder.app */,
			);
			name = Products;
			sourceTree = "<group>";
		};
		6FFBAA301EB1C50700988ED3 /* MOKORecorder */ = {
			isa = PBXGroup;
			children = (
				6FFBAA481EB1C53000988ED3 /* ic_record_ripple@2x.png */,
				6FFBAA491EB1C53000988ED3 /* ic_record_ripple@3x.png */,
				6FFBAA4A1EB1C53000988ED3 /* ic_record_too_short@2x.png */,
				6FFBAA4B1EB1C53000988ED3 /* ic_record_too_short@3x.png */,
				6FFBAA4C1EB1C53000988ED3 /* ic_record@2x.png */,
				6FFBAA4D1EB1C53000988ED3 /* ic_record@3x.png */,
				6FFBAA4E1EB1C53000988ED3 /* ic_release_to_cancel@2x.png */,
				6FFBAA4F1EB1C53000988ED3 /* ic_release_to_cancel@3x.png */,
				6FFBAA341EB1C50700988ED3 /* AppDelegate.h */,
				6FFBAA351EB1C50700988ED3 /* AppDelegate.m */,
				6FFBAA371EB1C50700988ED3 /* ViewController.h */,
				6FFBAA381EB1C50700988ED3 /* ViewController.m */,
				6FFBAA5B1EB1C69A00988ED3 /* MOKORecorderTool.h */,
				6FFBAA5C1EB1C69A00988ED3 /* MOKORecorderTool.m */,
				6FFBAA581EB1C55B00988ED3 /* MOKORecordButton.h */,
				6FFBAA591EB1C55B00988ED3 /* MOKORecordButton.m */,
				6FFBAA5E1EB1C73E00988ED3 /* MOKORecordPowerAnimationView.h */,
				6FFBAA5F1EB1C73E00988ED3 /* MOKORecordPowerAnimationView.m */,
				6FFBAA611EB1C83500988ED3 /* MOKORecordToastContentView.h */,
				6FFBAA621EB1C83500988ED3 /* MOKORecordToastContentView.m */,
				6FFBAA641EB1D2BE00988ED3 /* MOKORecordView.h */,
				6FFBAA651EB1D2BE00988ED3 /* MOKORecordView.m */,
				6FFBAA671EB1D2ED00988ED3 /* MOKORecordHeaderDefine.h */,
				6FFBAA681EB1D4D200988ED3 /* MOKORecordShowManager.h */,
				6FFBAA691EB1D4D200988ED3 /* MOKORecordShowManager.m */,
				6FFBAA3A1EB1C50700988ED3 /* Main.storyboard */,
				6FFBAA3D1EB1C50700988ED3 /* Assets.xcassets */,
				6FFBAA3F1EB1C50700988ED3 /* LaunchScreen.storyboard */,
				6FFBAA421EB1C50700988ED3 /* Info.plist */,
				6FFBAA311EB1C50700988ED3 /* Supporting Files */,
			);
			path = MOKORecorder;
			sourceTree = "<group>";
		};
		6FFBAA311EB1C50700988ED3 /* Supporting Files */ = {
			isa = PBXGroup;
			children = (
				6FFBAA321EB1C50700988ED3 /* main.m */,
			);
			name = "Supporting Files";
			sourceTree = "<group>";
		};
/* End PBXGroup section */

/* Begin PBXNativeTarget section */
		6FFBAA2D1EB1C50700988ED3 /* MOKORecorder */ = {
			isa = PBXNativeTarget;
			buildConfigurationList = 6FFBAA451EB1C50700988ED3 /* Build configuration list for PBXNativeTarget "MOKORecorder" */;
			buildPhases = (
				6FFBAA2A1EB1C50700988ED3 /* Sources */,
				6FFBAA2B1EB1C50700988ED3 /* Frameworks */,
				6FFBAA2C1EB1C50700988ED3 /* Resources */,
			);
			buildRules = (
			);
			dependencies = (
			);
			name = MOKORecorder;
			productName = MOKORecorder;
			productReference = 6FFBAA2E1EB1C50700988ED3 /* MOKORecorder.app */;
			productType = "com.apple.product-type.application";
		};
/* End PBXNativeTarget section */

/* Begin PBXProject section */
		6FFBAA261EB1C50700988ED3 /* Project object */ = {
			isa = PBXProject;
			attributes = {
				LastUpgradeCheck = 0830;
				ORGANIZATIONNAME = Spring;
				TargetAttributes = {
					6FFBAA2D1EB1C50700988ED3 = {
						CreatedOnToolsVersion = 8.3;
						DevelopmentTeam = TJ528WBL3B;
						ProvisioningStyle = Automatic;
					};
				};
			};
			buildConfigurationList = 6FFBAA291EB1C50700988ED3 /* Build configuration list for PBXProject "MOKORecorder" */;
			compatibilityVersion = "Xcode 3.2";
			developmentRegion = English;
			hasScannedForEncodings = 0;
			knownRegions = (
				en,
				Base,
			);
			mainGroup = 6FFBAA251EB1C50700988ED3;
			productRefGroup = 6FFBAA2F1EB1C50700988ED3 /* Products */;
			projectDirPath = "";
			projectRoot = "";
			targets = (
				6FFBAA2D1EB1C50700988ED3 /* MOKORecorder */,
			);
		};
/* End PBXProject section */

/* Begin PBXResourcesBuildPhase section */
		6FFBAA2C1EB1C50700988ED3 /* Resources */ = {
			isa = PBXResourcesBuildPhase;
			buildActionMask = 2147483647;
			files = (
				6FFBAA411EB1C50700988ED3 /* LaunchScreen.storyboard in Resources */,
				6FFBAA521EB1C53000988ED3 /* ic_record_too_short@2x.png in Resources */,
				6FFBAA551EB1C53000988ED3 /* ic_record@3x.png in Resources */,
				6FFBAA501EB1C53000988ED3 /* ic_record_ripple@2x.png in Resources */,
				6FFBAA511EB1C53000988ED3 /* ic_record_ripple@3x.png in Resources */,
				6FFBAA571EB1C53000988ED3 /* ic_release_to_cancel@3x.png in Resources */,
				6FFBAA3E1EB1C50700988ED3 /* Assets.xcassets in Resources */,
				6FFBAA531EB1C53000988ED3 /* ic_record_too_short@3x.png in Resources */,
				6FFBAA3C1EB1C50700988ED3 /* Main.storyboard in Resources */,
				6FFBAA541EB1C53000988ED3 /* ic_record@2x.png in Resources */,
				6FFBAA561EB1C53000988ED3 /* ic_release_to_cancel@2x.png in Resources */,
			);
			runOnlyForDeploymentPostprocessing = 0;
		};
/* End PBXResourcesBuildPhase section */

/* Begin PBXSourcesBuildPhase section */
		6FFBAA2A1EB1C50700988ED3 /* Sources */ = {
			isa = PBXSourcesBuildPhase;
			buildActionMask = 2147483647;
			files = (
				6FFBAA6A1EB1D4D200988ED3 /* MOKORecordShowManager.m in Sources */,
				6FFBAA601EB1C73E00988ED3 /* MOKORecordPowerAnimationView.m in Sources */,
				6FFBAA391EB1C50700988ED3 /* ViewController.m in Sources */,
				6FFBAA361EB1C50700988ED3 /* AppDelegate.m in Sources */,
				6FFBAA5D1EB1C69A00988ED3 /* MOKORecorderTool.m in Sources */,
				6FFBAA331EB1C50700988ED3 /* main.m in Sources */,
				6FFBAA631EB1C83500988ED3 /* MOKORecordToastContentView.m in Sources */,
				6FFBAA661EB1D2BE00988ED3 /* MOKORecordView.m in Sources */,
				6FFBAA5A1EB1C55B00988ED3 /* MOKORecordButton.m in Sources */,
			);
			runOnlyForDeploymentPostprocessing = 0;
		};
/* End PBXSourcesBuildPhase section */

/* Begin PBXVariantGroup section */
		6FFBAA3A1EB1C50700988ED3 /* Main.storyboard */ = {
			isa = PBXVariantGroup;
			children = (
				6FFBAA3B1EB1C50700988ED3 /* Base */,
			);
			name = Main.storyboard;
			sourceTree = "<group>";
		};
		6FFBAA3F1EB1C50700988ED3 /* LaunchScreen.storyboard */ = {
			isa = PBXVariantGroup;
			children = (
				6FFBAA401EB1C50700988ED3 /* Base */,
			);
			name = LaunchScreen.storyboard;
			sourceTree = "<group>";
		};
/* End PBXVariantGroup section */

/* Begin XCBuildConfiguration section */
		6FFBAA431EB1C50700988ED3 /* Debug */ = {
			isa = XCBuildConfiguration;
			buildSettings = {
				ALWAYS_SEARCH_USER_PATHS = NO;
				CLANG_ANALYZER_NONNULL = YES;
				CLANG_ANALYZER_NUMBER_OBJECT_CONVERSION = YES_AGGRESSIVE;
				CLANG_CXX_LANGUAGE_STANDARD = "gnu++0x";
				CLANG_CXX_LIBRARY = "libc++";
				CLANG_ENABLE_MODULES = YES;
				CLANG_ENABLE_OBJC_ARC = YES;
				CLANG_WARN_BOOL_CONVERSION = YES;
				CLANG_WARN_CONSTANT_CONVERSION = YES;
				CLANG_WARN_DIRECT_OBJC_ISA_USAGE = YES_ERROR;
				CLANG_WARN_DOCUMENTATION_COMMENTS = YES;
				CLANG_WARN_EMPTY_BODY = YES;
				CLANG_WARN_ENUM_CONVERSION = YES;
				CLANG_WARN_INFINITE_RECURSION = YES;
				CLANG_WARN_INT_CONVERSION = YES;
				CLANG_WARN_OBJC_ROOT_CLASS = YES_ERROR;
				CLANG_WARN_SUSPICIOUS_MOVE = YES;
				CLANG_WARN_UNREACHABLE_CODE = YES;
				CLANG_WARN__DUPLICATE_METHOD_MATCH = YES;
				"CODE_SIGN_IDENTITY[sdk=iphoneos*]" = "iPhone Developer";
				COPY_PHASE_STRIP = NO;
				DEBUG_INFORMATION_FORMAT = dwarf;
				ENABLE_STRICT_OBJC_MSGSEND = YES;
				ENABLE_TESTABILITY = YES;
				GCC_C_LANGUAGE_STANDARD = gnu99;
				GCC_DYNAMIC_NO_PIC = NO;
				GCC_NO_COMMON_BLOCKS = YES;
				GCC_OPTIMIZATION_LEVEL = 0;
				GCC_PREPROCESSOR_DEFINITIONS = (
					"DEBUG=1",
					"$(inherited)",
				);
				GCC_WARN_64_TO_32_BIT_CONVERSION = YES;
				GCC_WARN_ABOUT_RETURN_TYPE = YES_ERROR;
				GCC_WARN_UNDECLARED_SELECTOR = YES;
				GCC_WARN_UNINITIALIZED_AUTOS = YES_AGGRESSIVE;
				GCC_WARN_UNUSED_FUNCTION = YES;
				GCC_WARN_UNUSED_VARIABLE = YES;
				IPHONEOS_DEPLOYMENT_TARGET = 10.3;
				MTL_ENABLE_DEBUG_INFO = YES;
				ONLY_ACTIVE_ARCH = YES;
				SDKROOT = iphoneos;
				TARGETED_DEVICE_FAMILY = "1,2";
			};
			name = Debug;
		};
		6FFBAA441EB1C50700988ED3 /* Release */ = {
			isa = XCBuildConfiguration;
			buildSettings = {
				ALWAYS_SEARCH_USER_PATHS = NO;
				CLANG_ANALYZER_NONNULL = YES;
				CLANG_ANALYZER_NUMBER_OBJECT_CONVERSION = YES_AGGRESSIVE;
				CLANG_CXX_LANGUAGE_STANDARD = "gnu++0x";
				CLANG_CXX_LIBRARY = "libc++";
				CLANG_ENABLE_MODULES = YES;
				CLANG_ENABLE_OBJC_ARC = YES;
				CLANG_WARN_BOOL_CONVERSION = YES;
				CLANG_WARN_CONSTANT_CONVERSION = YES;
				CLANG_WARN_DIRECT_OBJC_ISA_USAGE = YES_ERROR;
				CLANG_WARN_DOCUMENTATION_COMMENTS = YES;
				CLANG_WARN_EMPTY_BODY = YES;
				CLANG_WARN_ENUM_CONVERSION = YES;
				CLANG_WARN_INFINITE_RECURSION = YES;
				CLANG_WARN_INT_CONVERSION = YES;
				CLANG_WARN_OBJC_ROOT_CLASS = YES_ERROR;
				CLANG_WARN_SUSPICIOUS_MOVE = YES;
				CLANG_WARN_UNREACHABLE_CODE = YES;
				CLANG_WARN__DUPLICATE_METHOD_MATCH = YES;
				"CODE_SIGN_IDENTITY[sdk=iphoneos*]" = "iPhone Developer";
				COPY_PHASE_STRIP = NO;
				DEBUG_INFORMATION_FORMAT = "dwarf-with-dsym";
				ENABLE_NS_ASSERTIONS = NO;
				ENABLE_STRICT_OBJC_MSGSEND = YES;
				GCC_C_LANGUAGE_STANDARD = gnu99;
				GCC_NO_COMMON_BLOCKS = YES;
				GCC_WARN_64_TO_32_BIT_CONVERSION = YES;
				GCC_WARN_ABOUT_RETURN_TYPE = YES_ERROR;
				GCC_WARN_UNDECLARED_SELECTOR = YES;
				GCC_WARN_UNINITIALIZED_AUTOS = YES_AGGRESSIVE;
				GCC_WARN_UNUSED_FUNCTION = YES;
				GCC_WARN_UNUSED_VARIABLE = YES;
				IPHONEOS_DEPLOYMENT_TARGET = 10.3;
				MTL_ENABLE_DEBUG_INFO = NO;
				SDKROOT = iphoneos;
				TARGETED_DEVICE_FAMILY = "1,2";
				VALIDATE_PRODUCT = YES;
			};
			name = Release;
		};
		6FFBAA461EB1C50700988ED3 /* Debug */ = {
			isa = XCBuildConfiguration;
			buildSettings = {
				ASSETCATALOG_COMPILER_APPICON_NAME = AppIcon;
				DEVELOPMENT_TEAM = TJ528WBL3B;
				INFOPLIST_FILE = MOKORecorder/Info.plist;
				LD_RUNPATH_SEARCH_PATHS = "$(inherited) @executable_path/Frameworks";
				PRODUCT_BUNDLE_IDENTIFIER = Home.MOKORecorder;
				PRODUCT_NAME = "$(TARGET_NAME)";
			};
			name = Debug;
		};
		6FFBAA471EB1C50700988ED3 /* Release */ = {
			isa = XCBuildConfiguration;
			buildSettings = {
				ASSETCATALOG_COMPILER_APPICON_NAME = AppIcon;
				DEVELOPMENT_TEAM = TJ528WBL3B;
				INFOPLIST_FILE = MOKORecorder/Info.plist;
				LD_RUNPATH_SEARCH_PATHS = "$(inherited) @executable_path/Frameworks";
				PRODUCT_BUNDLE_IDENTIFIER = Home.MOKORecorder;
				PRODUCT_NAME = "$(TARGET_NAME)";
			};
			name = Release;
		};
/* End XCBuildConfiguration section */

/* Begin XCConfigurationList section */
		6FFBAA291EB1C50700988ED3 /* Build configuration list for PBXProject "MOKORecorder" */ = {
			isa = XCConfigurationList;
			buildConfigurations = (
				6FFBAA431EB1C50700988ED3 /* Debug */,
				6FFBAA441EB1C50700988ED3 /* Release */,
			);
			defaultConfigurationIsVisible = 0;
			defaultConfigurationName = Release;
		};
		6FFBAA451EB1C50700988ED3 /* Build configuration list for PBXNativeTarget "MOKORecorder" */ = {
			isa = XCConfigurationList;
			buildConfigurations = (
				6FFBAA461EB1C50700988ED3 /* Debug */,
				6FFBAA471EB1C50700988ED3 /* Release */,
			);
			defaultConfigurationIsVisible = 0;
		};
/* End XCConfigurationList section */
	};
	rootObject = 6FFBAA261EB1C50700988ED3 /* Project object */;
}
